
Microsoft Visual Studio Solution File, Format Version 12.00
# Visual Studio Version 17
VisualStudioVersion = 17.1.32210.238
MinimumVisualStudioVersion = 10.0.40219.1
Project("{9A19103F-16F7-4668-BE54-9A1E7A4F7556}") = "PromobClassLibrary", "PromobClassLibrary\PromobClassLibrary.csproj", "{B5214A99-9A03-4C7E-9B9C-8490EDA77D95}"
EndProject
Project("{9A19103F-16F7-4668-BE54-9A1E7A4F7556}") = "PromobWebAPI", "PromobWebAPI\PromobWebAPI.csproj", "{A4CFC968-7E07-4076-AF48-69234C587163}"
EndProject
Project("{9A19103F-16F7-4668-BE54-9A1E7A4F7556}") = "PromobBlazorServer", "PromobBlazorServer\PromobBlazorServer.csproj", "{48C6C8BA-F710-4AF3-876A-EFC96C558CCC}"
EndProject
Global
	GlobalSection(SolutionConfigurationPlatforms) = preSolution
		Debug|Any CPU = Debug|Any CPU
		Release|Any CPU = Release|Any CPU
	EndGlobalSection
	GlobalSection(ProjectConfigurationPlatforms) = postSolution
		{B5214A99-9A03-4C7E-9B9C-8490EDA77D95}.Debug|Any CPU.ActiveCfg = Debug|Any CPU
		{B5214A99-9A03-4C7E-9B9C-8490EDA77D95}.Debug|Any CPU.Build.0 = Debug|Any CPU
		{B5214A99-9A03-4C7E-9B9C-8490EDA77D95}.Release|Any CPU.ActiveCfg = Release|Any CPU
		{B5214A99-9A03-4C7E-9B9C-8490EDA77D95}.Release|Any CPU.Build.0 = Release|Any CPU
		{A4CFC968-7E07-4076-AF48-69234C587163}.Debug|Any CPU.ActiveCfg = Debug|Any CPU
		{A4CFC968-7E07-4076-AF48-69234C587163}.Debug|Any CPU.Build.0 = Debug|Any CPU
		{A4CFC968-7E07-4076-AF48-69234C587163}.Release|Any CPU.ActiveCfg = Release|Any CPU
		{A4CFC968-7E07-4076-AF48-69234C587163}.Release|Any CPU.Build.0 = Release|Any CPU
		{48C6C8BA-F710-4AF3-876A-EFC96C558CCC}.Debug|Any CPU.ActiveCfg = Debug|Any CPU
		{48C6C8BA-F710-4AF3-876A-EFC96C558CCC}.Debug|Any CPU.Build.0 = Debug|Any CPU
		{48C6C8BA-F710-4AF3-876A-EFC96C558CCC}.Release|Any CPU.ActiveCfg = Release|Any CPU
		{48C6C8BA-F710-4AF3-876A-EFC96C558CCC}.Release|Any CPU.Build.0 = Release|Any CPU
	EndGlobalSection
	GlobalSection(SolutionProperties) = preSolution
		HideSolutionNode = FALSE
	EndGlobalSection
	GlobalSection(ExtensibilityGlobals) = postSolution
		SolutionGuid = {5932FFEF-4DCA-4F3E-9637-C738ADD5800C}
	EndGlobalSection
EndGlobal
